
Microsoft Visual Studio Solution File, Format Version 12.00
# Visual Studio Version 17
VisualStudioVersion = 17.14.36221.1 d17.14
MinimumVisualStudioVersion = 10.0.40219.1
Project("{FAE04EC0-301F-11D3-BF4B-00C04F79EFBC}") = "AuthECAPI", "AuthECAPI\AuthECAPI.csproj", "{3805F279-E6BE-4B5F-9B40-1D38EB1F94FD}"
EndProject
Global
	GlobalSection(SolutionConfigurationPlatforms) = preSolution
		Debug|Any CPU = Debug|Any CPU
		Release|Any CPU = Release|Any CPU
	EndGlobalSection
	GlobalSection(ProjectConfigurationPlatforms) = postSolution
		{3805F279-E6BE-4B5F-9B40-1D38EB1F94FD}.Debug|Any CPU.ActiveCfg = Debug|Any CPU
		{3805F279-E6BE-4B5F-9B40-1D38EB1F94FD}.Debug|Any CPU.Build.0 = Debug|Any CPU
		{3805F279-E6BE-4B5F-9B40-1D38EB1F94FD}.Release|Any CPU.ActiveCfg = Release|Any CPU
		{3805F279-E6BE-4B5F-9B40-1D38EB1F94FD}.Release|Any CPU.Build.0 = Release|Any CPU
	EndGlobalSection
	GlobalSection(SolutionProperties) = preSolution
		HideSolutionNode = FALSE
	EndGlobalSection
	GlobalSection(ExtensibilityGlobals) = postSolution
		SolutionGuid = {2D52A339-A26C-4C54-BD3D-C50238D9BAD2}
	EndGlobalSection
EndGlobal
